// !$*UTF8*$!
{
	archiveVersion = 1;
	classes = {
	};
	objectVersion = 56;
	objects = {

/* Begin PBXBuildFile section */
		278729B02CC64995000763C0 /* EclipseApp.swift in Sources */ = {isa = PBXBuildFile; fileRef = 278729AF2CC64995000763C0 /* EclipseApp.swift */; };
		278729B22CC64995000763C0 /* ContentView.swift in Sources */ = {isa = PBXBuildFile; fileRef = 278729B12CC64995000763C0 /* ContentView.swift */; };
		278729B42CC64996000763C0 /* Assets.xcassets in Resources */ = {isa = PBXBuildFile; fileRef = 278729B32CC64996000763C0 /* Assets.xcassets */; };
		278729B72CC64996000763C0 /* Preview Assets.xcassets in Resources */ = {isa = PBXBuildFile; fileRef = 278729B62CC64996000763C0 /* Preview Assets.xcassets */; };
		278729BF2CC64AEF000763C0 /* Names.swift in Sources */ = {isa = PBXBuildFile; fileRef = 278729BE2CC64AEF000763C0 /* Names.swift */; };
		278729C32CC64FFB000763C0 /* HomeView.swift in Sources */ = {isa = PBXBuildFile; fileRef = 278729C22CC64FFB000763C0 /* HomeView.swift */; };
		278729C52CC655D6000763C0 /* UserProfileView.swift in Sources */ = {isa = PBXBuildFile; fileRef = 278729C42CC655D6000763C0 /* UserProfileView.swift */; };
		E42228172CCF8660002CD34B /* authorpref.swift in Sources */ = {isa = PBXBuildFile; fileRef = E42228162CCF8660002CD34B /* authorpref.swift */; };
		E42228192CCF86F5002CD34B /* Login.swift in Sources */ = {isa = PBXBuildFile; fileRef = E42228182CCF86F5002CD34B /* Login.swift */; };
		E422281B2CCF874A002CD34B /* create_account.swift in Sources */ = {isa = PBXBuildFile; fileRef = E422281A2CCF874A002CD34B /* create_account.swift */; };
		E422281D2CCF8791002CD34B /* explore.swift in Sources */ = {isa = PBXBuildFile; fileRef = E422281C2CCF8791002CD34B /* explore.swift */; };
		E422281F2CCF87AE002CD34B /* home.swift in Sources */ = {isa = PBXBuildFile; fileRef = E422281E2CCF87AE002CD34B /* home.swift */; };
		E42228212CCF87CF002CD34B /* onboarding.swift in Sources */ = {isa = PBXBuildFile; fileRef = E42228202CCF87CF002CD34B /* onboarding.swift */; };
		E42228232CCF87E7002CD34B /* prefscreen.swift in Sources */ = {isa = PBXBuildFile; fileRef = E42228222CCF87E7002CD34B /* prefscreen.swift */; };
		E42228252CCF883A002CD34B /* swipe.swift in Sources */ = {isa = PBXBuildFile; fileRef = E42228242CCF883A002CD34B /* swipe.swift */; };
/* End PBXBuildFile section */

/* Begin PBXFileReference section */
		278729AC2CC64995000763C0 /* Eclipse.app */ = {isa = PBXFileReference; explicitFileType = wrapper.application; includeInIndex = 0; path = Eclipse.app; sourceTree = BUILT_PRODUCTS_DIR; };
		278729AF2CC64995000763C0 /* EclipseApp.swift */ = {isa = PBXFileReference; lastKnownFileType = sourcecode.swift; path = EclipseApp.swift; sourceTree = "<group>"; };
		278729B12CC64995000763C0 /* ContentView.swift */ = {isa = PBXFileReference; lastKnownFileType = sourcecode.swift; path = ContentView.swift; sourceTree = "<group>"; };
		278729B32CC64996000763C0 /* Assets.xcassets */ = {isa = PBXFileReference; lastKnownFileType = folder.assetcatalog; path = Assets.xcassets; sourceTree = "<group>"; };
		278729B62CC64996000763C0 /* Preview Assets.xcassets */ = {isa = PBXFileReference; lastKnownFileType = folder.assetcatalog; path = "Preview Assets.xcassets"; sourceTree = "<group>"; };
		278729BE2CC64AEF000763C0 /* Names.swift */ = {isa = PBXFileReference; lastKnownFileType = sourcecode.swift; path = Names.swift; sourceTree = "<group>"; };
		278729C22CC64FFB000763C0 /* HomeView.swift */ = {isa = PBXFileReference; lastKnownFileType = sourcecode.swift; path = HomeView.swift; sourceTree = "<group>"; };
		278729C42CC655D6000763C0 /* UserProfileView.swift */ = {isa = PBXFileReference; lastKnownFileType = sourcecode.swift; path = UserProfileView.swift; sourceTree = "<group>"; };
		E42228162CCF8660002CD34B /* authorpref.swift */ = {isa = PBXFileReference; lastKnownFileType = sourcecode.swift; path = authorpref.swift; sourceTree = "<group>"; };
		E42228182CCF86F5002CD34B /* Login.swift */ = {isa = PBXFileReference; lastKnownFileType = sourcecode.swift; path = Login.swift; sourceTree = "<group>"; };
		E422281A2CCF874A002CD34B /* create_account.swift */ = {isa = PBXFileReference; lastKnownFileType = sourcecode.swift; path = create_account.swift; sourceTree = "<group>"; };
		E422281C2CCF8791002CD34B /* explore.swift */ = {isa = PBXFileReference; lastKnownFileType = sourcecode.swift; path = explore.swift; sourceTree = "<group>"; };
		E422281E2CCF87AE002CD34B /* home.swift */ = {isa = PBXFileReference; lastKnownFileType = sourcecode.swift; path = home.swift; sourceTree = "<group>"; };
		E42228202CCF87CF002CD34B /* onboarding.swift */ = {isa = PBXFileReference; lastKnownFileType = sourcecode.swift; path = onboarding.swift; sourceTree = "<group>"; };
		E42228222CCF87E7002CD34B /* prefscreen.swift */ = {isa = PBXFileReference; lastKnownFileType = sourcecode.swift; path = prefscreen.swift; sourceTree = "<group>"; };
		E42228242CCF883A002CD34B /* swipe.swift */ = {isa = PBXFileReference; lastKnownFileType = sourcecode.swift; path = swipe.swift; sourceTree = "<group>"; };
/* End PBXFileReference section */

/* Begin PBXFrameworksBuildPhase section */
		278729A92CC64995000763C0 /* Frameworks */ = {
			isa = PBXFrameworksBuildPhase;
			buildActionMask = 2147483647;
			files = (
			);
			runOnlyForDeploymentPostprocessing = 0;
		};
/* End PBXFrameworksBuildPhase section */

/* Begin PBXGroup section */
		278729A32CC64995000763C0 = {
			isa = PBXGroup;
			children = (
				278729AE2CC64995000763C0 /* Eclipse */,
				278729AD2CC64995000763C0 /* Products */,
			);
			sourceTree = "<group>";
		};
		278729AD2CC64995000763C0 /* Products */ = {
			isa = PBXGroup;
			children = (
				278729AC2CC64995000763C0 /* Eclipse.app */,
			);
			name = Products;
			sourceTree = "<group>";
		};
		278729AE2CC64995000763C0 /* Eclipse */ = {
			isa = PBXGroup;
			children = (
				278729C12CC64F9B000763C0 /* Views */,
				278729C02CC64F93000763C0 /* Models */,
				278729AF2CC64995000763C0 /* EclipseApp.swift */,
				278729B12CC64995000763C0 /* ContentView.swift */,
				278729B32CC64996000763C0 /* Assets.xcassets */,
				278729B52CC64996000763C0 /* Preview Content */,
			);
			path = Eclipse;
			sourceTree = "<group>";
		};
		278729B52CC64996000763C0 /* Preview Content */ = {
			isa = PBXGroup;
			children = (
				278729BE2CC64AEF000763C0 /* Names.swift */,
				278729B62CC64996000763C0 /* Preview Assets.xcassets */,
			);
			path = "Preview Content";
			sourceTree = "<group>";
		};
		278729C02CC64F93000763C0 /* Models */ = {
			isa = PBXGroup;
			children = (
			);
			path = Models;
			sourceTree = "<group>";
		};
		278729C12CC64F9B000763C0 /* Views */ = {
			isa = PBXGroup;
			children = (
				278729C22CC64FFB000763C0 /* HomeView.swift */,
				E42228162CCF8660002CD34B /* authorpref.swift */,
				278729C42CC655D6000763C0 /* UserProfileView.swift */,
				E42228182CCF86F5002CD34B /* Login.swift */,
				E422281A2CCF874A002CD34B /* create_account.swift */,
				E422281C2CCF8791002CD34B /* explore.swift */,
				E422281E2CCF87AE002CD34B /* home.swift */,
				E42228202CCF87CF002CD34B /* onboarding.swift */,
				E42228222CCF87E7002CD34B /* prefscreen.swift */,
				E42228242CCF883A002CD34B /* swipe.swift */,
			);
			path = Views;
			sourceTree = "<group>";
		};
/* End PBXGroup section */

/* Begin PBXNativeTarget section */
		278729AB2CC64995000763C0 /* Eclipse */ = {
			isa = PBXNativeTarget;
			buildConfigurationList = 278729BA2CC64996000763C0 /* Build configuration list for PBXNativeTarget "Eclipse" */;
			buildPhases = (
				278729A82CC64995000763C0 /* Sources */,
				278729A92CC64995000763C0 /* Frameworks */,
				278729AA2CC64995000763C0 /* Resources */,
			);
			buildRules = (
			);
			dependencies = (
			);
			name = Eclipse;
			productName = Eclipse;
			productReference = 278729AC2CC64995000763C0 /* Eclipse.app */;
			productType = "com.apple.product-type.application";
		};
/* End PBXNativeTarget section */

/* Begin PBXProject section */
		278729A42CC64995000763C0 /* Project object */ = {
			isa = PBXProject;
			attributes = {
				BuildIndependentTargetsInParallel = 1;
				LastSwiftUpdateCheck = 1540;
				LastUpgradeCheck = 1540;
				TargetAttributes = {
					278729AB2CC64995000763C0 = {
						CreatedOnToolsVersion = 15.4;
					};
				};
			};
			buildConfigurationList = 278729A72CC64995000763C0 /* Build configuration list for PBXProject "Eclipse" */;
			compatibilityVersion = "Xcode 14.0";
			developmentRegion = en;
			hasScannedForEncodings = 0;
			knownRegions = (
				en,
				Base,
			);
			mainGroup = 278729A32CC64995000763C0;
			productRefGroup = 278729AD2CC64995000763C0 /* Products */;
			projectDirPath = "";
			projectRoot = "";
			targets = (
				278729AB2CC64995000763C0 /* Eclipse */,
			);
		};
/* End PBXProject section */

/* Begin PBXResourcesBuildPhase section */
		278729AA2CC64995000763C0 /* Resources */ = {
			isa = PBXResourcesBuildPhase;
			buildActionMask = 2147483647;
			files = (
				278729B72CC64996000763C0 /* Preview Assets.xcassets in Resources */,
				278729B42CC64996000763C0 /* Assets.xcassets in Resources */,
			);
			runOnlyForDeploymentPostprocessing = 0;
		};
/* End PBXResourcesBuildPhase section */

/* Begin PBXSourcesBuildPhase section */
		278729A82CC64995000763C0 /* Sources */ = {
			isa = PBXSourcesBuildPhase;
			buildActionMask = 2147483647;
			files = (
				E42228192CCF86F5002CD34B /* Login.swift in Sources */,
				E422281D2CCF8791002CD34B /* explore.swift in Sources */,
				278729C52CC655D6000763C0 /* UserProfileView.swift in Sources */,
				278729BF2CC64AEF000763C0 /* Names.swift in Sources */,
				E42228232CCF87E7002CD34B /* prefscreen.swift in Sources */,
				278729C32CC64FFB000763C0 /* HomeView.swift in Sources */,
				E42228172CCF8660002CD34B /* authorpref.swift in Sources */,
				278729B22CC64995000763C0 /* ContentView.swift in Sources */,
				278729B02CC64995000763C0 /* EclipseApp.swift in Sources */,
				E422281F2CCF87AE002CD34B /* home.swift in Sources */,
				E422281B2CCF874A002CD34B /* create_account.swift in Sources */,
				E42228252CCF883A002CD34B /* swipe.swift in Sources */,
				E42228212CCF87CF002CD34B /* onboarding.swift in Sources */,
			);
			runOnlyForDeploymentPostprocessing = 0;
		};
/* End PBXSourcesBuildPhase section */

/* Begin XCBuildConfiguration section */
		278729B82CC64996000763C0 /* Debug */ = {
			isa = XCBuildConfiguration;
			buildSettings = {
				ALWAYS_SEARCH_USER_PATHS = NO;
				ASSETCATALOG_COMPILER_GENERATE_SWIFT_ASSET_SYMBOL_EXTENSIONS = YES;
				CLANG_ANALYZER_NONNULL = YES;
				CLANG_ANALYZER_NUMBER_OBJECT_CONVERSION = YES_AGGRESSIVE;
				CLANG_CXX_LANGUAGE_STANDARD = "gnu++20";
				CLANG_ENABLE_MODULES = YES;
				CLANG_ENABLE_OBJC_ARC = YES;
				CLANG_ENABLE_OBJC_WEAK = YES;
				CLANG_WARN_BLOCK_CAPTURE_AUTORELEASING = YES;
				CLANG_WARN_BOOL_CONVERSION = YES;
				CLANG_WARN_COMMA = YES;
				CLANG_WARN_CONSTANT_CONVERSION = YES;
				CLANG_WARN_DEPRECATED_OBJC_IMPLEMENTATIONS = YES;
				CLANG_WARN_DIRECT_OBJC_ISA_USAGE = YES_ERROR;
				CLANG_WARN_DOCUMENTATION_COMMENTS = YES;
				CLANG_WARN_EMPTY_BODY = YES;
				CLANG_WARN_ENUM_CONVERSION = YES;
				CLANG_WARN_INFINITE_RECURSION = YES;
				CLANG_WARN_INT_CONVERSION = YES;
				CLANG_WARN_NON_LITERAL_NULL_CONVERSION = YES;
				CLANG_WARN_OBJC_IMPLICIT_RETAIN_SELF = YES;
				CLANG_WARN_OBJC_LITERAL_CONVERSION = YES;
				CLANG_WARN_OBJC_ROOT_CLASS = YES_ERROR;
				CLANG_WARN_QUOTED_INCLUDE_IN_FRAMEWORK_HEADER = YES;
				CLANG_WARN_RANGE_LOOP_ANALYSIS = YES;
				CLANG_WARN_STRICT_PROTOTYPES = YES;
				CLANG_WARN_SUSPICIOUS_MOVE = YES;
				CLANG_WARN_UNGUARDED_AVAILABILITY = YES_AGGRESSIVE;
				CLANG_WARN_UNREACHABLE_CODE = YES;
				CLANG_WARN__DUPLICATE_METHOD_MATCH = YES;
				COPY_PHASE_STRIP = NO;
				DEBUG_INFORMATION_FORMAT = dwarf;
				ENABLE_STRICT_OBJC_MSGSEND = YES;
				ENABLE_TESTABILITY = YES;
				ENABLE_USER_SCRIPT_SANDBOXING = YES;
				GCC_C_LANGUAGE_STANDARD = gnu17;
				GCC_DYNAMIC_NO_PIC = NO;
				GCC_NO_COMMON_BLOCKS = YES;
				GCC_OPTIMIZATION_LEVEL = 0;
				GCC_PREPROCESSOR_DEFINITIONS = (
					"DEBUG=1",
					"$(inherited)",
				);
				GCC_WARN_64_TO_32_BIT_CONVERSION = YES;
				GCC_WARN_ABOUT_RETURN_TYPE = YES_ERROR;
				GCC_WARN_UNDECLARED_SELECTOR = YES;
				GCC_WARN_UNINITIALIZED_AUTOS = YES_AGGRESSIVE;
				GCC_WARN_UNUSED_FUNCTION = YES;
				GCC_WARN_UNUSED_VARIABLE = YES;
				IPHONEOS_DEPLOYMENT_TARGET = 17.5;
				LOCALIZATION_PREFERS_STRING_CATALOGS = YES;
				MTL_ENABLE_DEBUG_INFO = INCLUDE_SOURCE;
				MTL_FAST_MATH = YES;
				ONLY_ACTIVE_ARCH = YES;
				SDKROOT = iphoneos;
				SWIFT_ACTIVE_COMPILATION_CONDITIONS = "DEBUG $(inherited)";
				SWIFT_OPTIMIZATION_LEVEL = "-Onone";
			};
			name = Debug;
		};
		278729B92CC64996000763C0 /* Release */ = {
			isa = XCBuildConfiguration;
			buildSettings = {
				ALWAYS_SEARCH_USER_PATHS = NO;
				ASSETCATALOG_COMPILER_GENERATE_SWIFT_ASSET_SYMBOL_EXTENSIONS = YES;
				CLANG_ANALYZER_NONNULL = YES;
				CLANG_ANALYZER_NUMBER_OBJECT_CONVERSION = YES_AGGRESSIVE;
				CLANG_CXX_LANGUAGE_STANDARD = "gnu++20";
				CLANG_ENABLE_MODULES = YES;
				CLANG_ENABLE_OBJC_ARC = YES;
				CLANG_ENABLE_OBJC_WEAK = YES;
				CLANG_WARN_BLOCK_CAPTURE_AUTORELEASING = YES;
				CLANG_WARN_BOOL_CONVERSION = YES;
				CLANG_WARN_COMMA = YES;
				CLANG_WARN_CONSTANT_CONVERSION = YES;
				CLANG_WARN_DEPRECATED_OBJC_IMPLEMENTATIONS = YES;
				CLANG_WARN_DIRECT_OBJC_ISA_USAGE = YES_ERROR;
				CLANG_WARN_DOCUMENTATION_COMMENTS = YES;
				CLANG_WARN_EMPTY_BODY = YES;
				CLANG_WARN_ENUM_CONVERSION = YES;
				CLANG_WARN_INFINITE_RECURSION = YES;
				CLANG_WARN_INT_CONVERSION = YES;
				CLANG_WARN_NON_LITERAL_NULL_CONVERSION = YES;
				CLANG_WARN_OBJC_IMPLICIT_RETAIN_SELF = YES;
				CLANG_WARN_OBJC_LITERAL_CONVERSION = YES;
				CLANG_WARN_OBJC_ROOT_CLASS = YES_ERROR;
				CLANG_WARN_QUOTED_INCLUDE_IN_FRAMEWORK_HEADER = YES;
				CLANG_WARN_RANGE_LOOP_ANALYSIS = YES;
				CLANG_WARN_STRICT_PROTOTYPES = YES;
				CLANG_WARN_SUSPICIOUS_MOVE = YES;
				CLANG_WARN_UNGUARDED_AVAILABILITY = YES_AGGRESSIVE;
				CLANG_WARN_UNREACHABLE_CODE = YES;
				CLANG_WARN__DUPLICATE_METHOD_MATCH = YES;
				COPY_PHASE_STRIP = NO;
				DEBUG_INFORMATION_FORMAT = "dwarf-with-dsym";
				ENABLE_NS_ASSERTIONS = NO;
				ENABLE_STRICT_OBJC_MSGSEND = YES;
				ENABLE_USER_SCRIPT_SANDBOXING = YES;
				GCC_C_LANGUAGE_STANDARD = gnu17;
				GCC_NO_COMMON_BLOCKS = YES;
				GCC_WARN_64_TO_32_BIT_CONVERSION = YES;
				GCC_WARN_ABOUT_RETURN_TYPE = YES_ERROR;
				GCC_WARN_UNDECLARED_SELECTOR = YES;
				GCC_WARN_UNINITIALIZED_AUTOS = YES_AGGRESSIVE;
				GCC_WARN_UNUSED_FUNCTION = YES;
				GCC_WARN_UNUSED_VARIABLE = YES;
				IPHONEOS_DEPLOYMENT_TARGET = 17.5;
				LOCALIZATION_PREFERS_STRING_CATALOGS = YES;
				MTL_ENABLE_DEBUG_INFO = NO;
				MTL_FAST_MATH = YES;
				SDKROOT = iphoneos;
				SWIFT_COMPILATION_MODE = wholemodule;
				VALIDATE_PRODUCT = YES;
			};
			name = Release;
		};
		278729BB2CC64996000763C0 /* Debug */ = {
			isa = XCBuildConfiguration;
			buildSettings = {
				ASSETCATALOG_COMPILER_APPICON_NAME = AppIcon;
				ASSETCATALOG_COMPILER_GLOBAL_ACCENT_COLOR_NAME = AccentColor;
				CODE_SIGN_STYLE = Automatic;
				CURRENT_PROJECT_VERSION = 1;
				DEVELOPMENT_ASSET_PATHS = "\"Eclipse/Preview Content\"";
				ENABLE_PREVIEWS = YES;
				GENERATE_INFOPLIST_FILE = YES;
				INFOPLIST_KEY_UIApplicationSceneManifest_Generation = YES;
				INFOPLIST_KEY_UIApplicationSupportsIndirectInputEvents = YES;
				INFOPLIST_KEY_UILaunchScreen_Generation = YES;
				INFOPLIST_KEY_UISupportedInterfaceOrientations_iPad = "UIInterfaceOrientationPortrait UIInterfaceOrientationPortraitUpsideDown UIInterfaceOrientationLandscapeLeft UIInterfaceOrientationLandscapeRight";
				INFOPLIST_KEY_UISupportedInterfaceOrientations_iPhone = "UIInterfaceOrientationPortrait UIInterfaceOrientationLandscapeLeft UIInterfaceOrientationLandscapeRight";
				LD_RUNPATH_SEARCH_PATHS = (
					"$(inherited)",
					"@executable_path/Frameworks",
				);
				MARKETING_VERSION = 1.0;
				PRODUCT_BUNDLE_IDENTIFIER = com.example.Eclipse;
				PRODUCT_NAME = "$(TARGET_NAME)";
				SWIFT_EMIT_LOC_STRINGS = YES;
				SWIFT_VERSION = 5.0;
				TARGETED_DEVICE_FAMILY = "1,2";
			};
			name = Debug;
		};
		278729BC2CC64996000763C0 /* Release */ = {
			isa = XCBuildConfiguration;
			buildSettings = {
				ASSETCATALOG_COMPILER_APPICON_NAME = AppIcon;
				ASSETCATALOG_COMPILER_GLOBAL_ACCENT_COLOR_NAME = AccentColor;
				CODE_SIGN_STYLE = Automatic;
				CURRENT_PROJECT_VERSION = 1;
				DEVELOPMENT_ASSET_PATHS = "\"Eclipse/Preview Content\"";
				ENABLE_PREVIEWS = YES;
				GENERATE_INFOPLIST_FILE = YES;
				INFOPLIST_KEY_UIApplicationSceneManifest_Generation = YES;
				INFOPLIST_KEY_UIApplicationSupportsIndirectInputEvents = YES;
				INFOPLIST_KEY_UILaunchScreen_Generation = YES;
				INFOPLIST_KEY_UISupportedInterfaceOrientations_iPad = "UIInterfaceOrientationPortrait UIInterfaceOrientationPortraitUpsideDown UIInterfaceOrientationLandscapeLeft UIInterfaceOrientationLandscapeRight";
				INFOPLIST_KEY_UISupportedInterfaceOrientations_iPhone = "UIInterfaceOrientationPortrait UIInterfaceOrientationLandscapeLeft UIInterfaceOrientationLandscapeRight";
				LD_RUNPATH_SEARCH_PATHS = (
					"$(inherited)",
					"@executable_path/Frameworks",
				);
				MARKETING_VERSION = 1.0;
				PRODUCT_BUNDLE_IDENTIFIER = com.example.Eclipse;
				PRODUCT_NAME = "$(TARGET_NAME)";
				SWIFT_EMIT_LOC_STRINGS = YES;
				SWIFT_VERSION = 5.0;
				TARGETED_DEVICE_FAMILY = "1,2";
			};
			name = Release;
		};
/* End XCBuildConfiguration section */

/* Begin XCConfigurationList section */
		278729A72CC64995000763C0 /* Build configuration list for PBXProject "Eclipse" */ = {
			isa = XCConfigurationList;
			buildConfigurations = (
				278729B82CC64996000763C0 /* Debug */,
				278729B92CC64996000763C0 /* Release */,
			);
			defaultConfigurationIsVisible = 0;
			defaultConfigurationName = Release;
		};
		278729BA2CC64996000763C0 /* Build configuration list for PBXNativeTarget "Eclipse" */ = {
			isa = XCConfigurationList;
			buildConfigurations = (
				278729BB2CC64996000763C0 /* Debug */,
				278729BC2CC64996000763C0 /* Release */,
			);
			defaultConfigurationIsVisible = 0;
			defaultConfigurationName = Release;
		};
/* End XCConfigurationList section */
	};
	rootObject = 278729A42CC64995000763C0 /* Project object */;
}
